
Microsoft Visual Studio Solution File, Format Version 12.00
# Visual Studio Version 17
VisualStudioVersion = 17.0.31903.59
MinimumVisualStudioVersion = 10.0.40219.1
Project("{2150E333-8FDC-42A3-9474-1A3956D46DE8}") = "src", "src", "{827E0CD3-B72D-47B6-A68D-7590B98EB39B}"
EndProject
Project("{FAE04EC0-301F-11D3-BF4B-00C04F79EFBC}") = "eHub.Api", "src\eHub.Api\eHub.Api.csproj", "{5FF2918A-EBB6-408D-9168-6E587F34B562}"
EndProject
Project("{FAE04EC0-301F-11D3-BF4B-00C04F79EFBC}") = "eHub.Application", "src\eHub.Application\eHub.Application.csproj", "{249F6315-68FD-47CA-A524-9CDDBD41A380}"
EndProject
Project("{FAE04EC0-301F-11D3-BF4B-00C04F79EFBC}") = "eHub.Domain", "src\eHub.Domain\eHub.Domain.csproj", "{85613E28-0362-433F-88CC-6515171A59FE}"
EndProject
Project("{FAE04EC0-301F-11D3-BF4B-00C04F79EFBC}") = "eHub.Infrastructure", "src\eHub.Infrastructure\eHub.Infrastructure.csproj", "{800BC492-42C6-4FC4-8634-5F62F730E8C7}"
EndProject
Project("{FAE04EC0-301F-11D3-BF4B-00C04F79EFBC}") = "eHub.Persistence", "src\eHub.Persistence\eHub.Persistence.csproj", "{CCDB4401-7520-4D95-A2FF-F6625C6C368C}"
EndProject
Project("{FAE04EC0-301F-11D3-BF4B-00C04F79EFBC}") = "eHub.Contracts", "src\eHub.Contracts\eHub.Contracts.csproj", "{F8AE6377-2228-4BDC-9564-892E20F41A9A}"
EndProject
Project("{FAE04EC0-301F-11D3-BF4B-00C04F79EFBC}") = "eHub.SharedKernel", "src\eHub.SharedKernel\eHub.SharedKernel.csproj", "{8108CDDE-353F-4A8F-A56C-CBF98C456597}"
EndProject
Project("{FAE04EC0-301F-11D3-BF4B-00C04F79EFBC}") = "eHub.UnitTests", "tests\eHub.UnitTests\eHub.UnitTests.csproj", "{BC3923EE-FC0F-4795-BFFC-2428BF305B1B}"
EndProject
Project("{FAE04EC0-301F-11D3-BF4B-00C04F79EFBC}") = "eHub.IntegrationTests", "tests\eHub.IntegrationTests\eHub.IntegrationTests.csproj", "{29C31F12-3CC8-4084-BF14-7B16F2308425}"
EndProject
Project("{FAE04EC0-301F-11D3-BF4B-00C04F79EFBC}") = "eHub.Localization", "src\eHub.Localization\eHub.Localization.csproj", "{22086495-DFBC-4BFA-9441-DABB7ECF5E90}"
EndProject
Global
	GlobalSection(SolutionConfigurationPlatforms) = preSolution
		Debug|Any CPU = Debug|Any CPU
		Debug|x64 = Debug|x64
		Debug|x86 = Debug|x86
		Release|Any CPU = Release|Any CPU
		Release|x64 = Release|x64
		Release|x86 = Release|x86
	EndGlobalSection
	GlobalSection(ProjectConfigurationPlatforms) = postSolution
		{5FF2918A-EBB6-408D-9168-6E587F34B562}.Debug|Any CPU.ActiveCfg = Debug|Any CPU
		{5FF2918A-EBB6-408D-9168-6E587F34B562}.Debug|Any CPU.Build.0 = Debug|Any CPU
		{5FF2918A-EBB6-408D-9168-6E587F34B562}.Debug|x64.ActiveCfg = Debug|Any CPU
		{5FF2918A-EBB6-408D-9168-6E587F34B562}.Debug|x64.Build.0 = Debug|Any CPU
		{5FF2918A-EBB6-408D-9168-6E587F34B562}.Debug|x86.ActiveCfg = Debug|Any CPU
		{5FF2918A-EBB6-408D-9168-6E587F34B562}.Debug|x86.Build.0 = Debug|Any CPU
		{5FF2918A-EBB6-408D-9168-6E587F34B562}.Release|Any CPU.ActiveCfg = Release|Any CPU
		{5FF2918A-EBB6-408D-9168-6E587F34B562}.Release|Any CPU.Build.0 = Release|Any CPU
		{5FF2918A-EBB6-408D-9168-6E587F34B562}.Release|x64.ActiveCfg = Release|Any CPU
		{5FF2918A-EBB6-408D-9168-6E587F34B562}.Release|x64.Build.0 = Release|Any CPU
		{5FF2918A-EBB6-408D-9168-6E587F34B562}.Release|x86.ActiveCfg = Release|Any CPU
		{5FF2918A-EBB6-408D-9168-6E587F34B562}.Release|x86.Build.0 = Release|Any CPU
		{249F6315-68FD-47CA-A524-9CDDBD41A380}.Debug|Any CPU.ActiveCfg = Debug|Any CPU
		{249F6315-68FD-47CA-A524-9CDDBD41A380}.Debug|Any CPU.Build.0 = Debug|Any CPU
		{249F6315-68FD-47CA-A524-9CDDBD41A380}.Debug|x64.ActiveCfg = Debug|Any CPU
		{249F6315-68FD-47CA-A524-9CDDBD41A380}.Debug|x64.Build.0 = Debug|Any CPU
		{249F6315-68FD-47CA-A524-9CDDBD41A380}.Debug|x86.ActiveCfg = Debug|Any CPU
		{249F6315-68FD-47CA-A524-9CDDBD41A380}.Debug|x86.Build.0 = Debug|Any CPU
		{249F6315-68FD-47CA-A524-9CDDBD41A380}.Release|Any CPU.ActiveCfg = Release|Any CPU
		{249F6315-68FD-47CA-A524-9CDDBD41A380}.Release|Any CPU.Build.0 = Release|Any CPU
		{249F6315-68FD-47CA-A524-9CDDBD41A380}.Release|x64.ActiveCfg = Release|Any CPU
		{249F6315-68FD-47CA-A524-9CDDBD41A380}.Release|x64.Build.0 = Release|Any CPU
		{249F6315-68FD-47CA-A524-9CDDBD41A380}.Release|x86.ActiveCfg = Release|Any CPU
		{249F6315-68FD-47CA-A524-9CDDBD41A380}.Release|x86.Build.0 = Release|Any CPU
		{85613E28-0362-433F-88CC-6515171A59FE}.Debug|Any CPU.ActiveCfg = Debug|Any CPU
		{85613E28-0362-433F-88CC-6515171A59FE}.Debug|Any CPU.Build.0 = Debug|Any CPU
		{85613E28-0362-433F-88CC-6515171A59FE}.Debug|x64.ActiveCfg = Debug|Any CPU
		{85613E28-0362-433F-88CC-6515171A59FE}.Debug|x64.Build.0 = Debug|Any CPU
		{85613E28-0362-433F-88CC-6515171A59FE}.Debug|x86.ActiveCfg = Debug|Any CPU
		{85613E28-0362-433F-88CC-6515171A59FE}.Debug|x86.Build.0 = Debug|Any CPU
		{85613E28-0362-433F-88CC-6515171A59FE}.Release|Any CPU.ActiveCfg = Release|Any CPU
		{85613E28-0362-433F-88CC-6515171A59FE}.Release|Any CPU.Build.0 = Release|Any CPU
		{85613E28-0362-433F-88CC-6515171A59FE}.Release|x64.ActiveCfg = Release|Any CPU
		{85613E28-0362-433F-88CC-6515171A59FE}.Release|x64.Build.0 = Release|Any CPU
		{85613E28-0362-433F-88CC-6515171A59FE}.Release|x86.ActiveCfg = Release|Any CPU
		{85613E28-0362-433F-88CC-6515171A59FE}.Release|x86.Build.0 = Release|Any CPU
		{800BC492-42C6-4FC4-8634-5F62F730E8C7}.Debug|Any CPU.ActiveCfg = Debug|Any CPU
		{800BC492-42C6-4FC4-8634-5F62F730E8C7}.Debug|Any CPU.Build.0 = Debug|Any CPU
		{800BC492-42C6-4FC4-8634-5F62F730E8C7}.Debug|x64.ActiveCfg = Debug|Any CPU
		{800BC492-42C6-4FC4-8634-5F62F730E8C7}.Debug|x64.Build.0 = Debug|Any CPU
		{800BC492-42C6-4FC4-8634-5F62F730E8C7}.Debug|x86.ActiveCfg = Debug|Any CPU
		{800BC492-42C6-4FC4-8634-5F62F730E8C7}.Debug|x86.Build.0 = Debug|Any CPU
		{800BC492-42C6-4FC4-8634-5F62F730E8C7}.Release|Any CPU.ActiveCfg = Release|Any CPU
		{800BC492-42C6-4FC4-8634-5F62F730E8C7}.Release|Any CPU.Build.0 = Release|Any CPU
		{800BC492-42C6-4FC4-8634-5F62F730E8C7}.Release|x64.ActiveCfg = Release|Any CPU
		{800BC492-42C6-4FC4-8634-5F62F730E8C7}.Release|x64.Build.0 = Release|Any CPU
		{800BC492-42C6-4FC4-8634-5F62F730E8C7}.Release|x86.ActiveCfg = Release|Any CPU
		{800BC492-42C6-4FC4-8634-5F62F730E8C7}.Release|x86.Build.0 = Release|Any CPU
		{CCDB4401-7520-4D95-A2FF-F6625C6C368C}.Debug|Any CPU.ActiveCfg = Debug|Any CPU
		{CCDB4401-7520-4D95-A2FF-F6625C6C368C}.Debug|Any CPU.Build.0 = Debug|Any CPU
		{CCDB4401-7520-4D95-A2FF-F6625C6C368C}.Debug|x64.ActiveCfg = Debug|Any CPU
		{CCDB4401-7520-4D95-A2FF-F6625C6C368C}.Debug|x64.Build.0 = Debug|Any CPU
		{CCDB4401-7520-4D95-A2FF-F6625C6C368C}.Debug|x86.ActiveCfg = Debug|Any CPU
		{CCDB4401-7520-4D95-A2FF-F6625C6C368C}.Debug|x86.Build.0 = Debug|Any CPU
		{CCDB4401-7520-4D95-A2FF-F6625C6C368C}.Release|Any CPU.ActiveCfg = Release|Any CPU
		{CCDB4401-7520-4D95-A2FF-F6625C6C368C}.Release|Any CPU.Build.0 = Release|Any CPU
		{CCDB4401-7520-4D95-A2FF-F6625C6C368C}.Release|x64.ActiveCfg = Release|Any CPU
		{CCDB4401-7520-4D95-A2FF-F6625C6C368C}.Release|x64.Build.0 = Release|Any CPU
		{CCDB4401-7520-4D95-A2FF-F6625C6C368C}.Release|x86.ActiveCfg = Release|Any CPU
		{CCDB4401-7520-4D95-A2FF-F6625C6C368C}.Release|x86.Build.0 = Release|Any CPU
		{F8AE6377-2228-4BDC-9564-892E20F41A9A}.Debug|Any CPU.ActiveCfg = Debug|Any CPU
		{F8AE6377-2228-4BDC-9564-892E20F41A9A}.Debug|Any CPU.Build.0 = Debug|Any CPU
		{F8AE6377-2228-4BDC-9564-892E20F41A9A}.Debug|x64.ActiveCfg = Debug|Any CPU
		{F8AE6377-2228-4BDC-9564-892E20F41A9A}.Debug|x64.Build.0 = Debug|Any CPU
		{F8AE6377-2228-4BDC-9564-892E20F41A9A}.Debug|x86.ActiveCfg = Debug|Any CPU
		{F8AE6377-2228-4BDC-9564-892E20F41A9A}.Debug|x86.Build.0 = Debug|Any CPU
		{F8AE6377-2228-4BDC-9564-892E20F41A9A}.Release|Any CPU.ActiveCfg = Release|Any CPU
		{F8AE6377-2228-4BDC-9564-892E20F41A9A}.Release|Any CPU.Build.0 = Release|Any CPU
		{F8AE6377-2228-4BDC-9564-892E20F41A9A}.Release|x64.ActiveCfg = Release|Any CPU
		{F8AE6377-2228-4BDC-9564-892E20F41A9A}.Release|x64.Build.0 = Release|Any CPU
		{F8AE6377-2228-4BDC-9564-892E20F41A9A}.Release|x86.ActiveCfg = Release|Any CPU
		{F8AE6377-2228-4BDC-9564-892E20F41A9A}.Release|x86.Build.0 = Release|Any CPU
		{8108CDDE-353F-4A8F-A56C-CBF98C456597}.Debug|Any CPU.ActiveCfg = Debug|Any CPU
		{8108CDDE-353F-4A8F-A56C-CBF98C456597}.Debug|Any CPU.Build.0 = Debug|Any CPU
		{8108CDDE-353F-4A8F-A56C-CBF98C456597}.Debug|x64.ActiveCfg = Debug|Any CPU
		{8108CDDE-353F-4A8F-A56C-CBF98C456597}.Debug|x64.Build.0 = Debug|Any CPU
		{8108CDDE-353F-4A8F-A56C-CBF98C456597}.Debug|x86.ActiveCfg = Debug|Any CPU
		{8108CDDE-353F-4A8F-A56C-CBF98C456597}.Debug|x86.Build.0 = Debug|Any CPU
		{8108CDDE-353F-4A8F-A56C-CBF98C456597}.Release|Any CPU.ActiveCfg = Release|Any CPU
		{8108CDDE-353F-4A8F-A56C-CBF98C456597}.Release|Any CPU.Build.0 = Release|Any CPU
		{8108CDDE-353F-4A8F-A56C-CBF98C456597}.Release|x64.ActiveCfg = Release|Any CPU
		{8108CDDE-353F-4A8F-A56C-CBF98C456597}.Release|x64.Build.0 = Release|Any CPU
		{8108CDDE-353F-4A8F-A56C-CBF98C456597}.Release|x86.ActiveCfg = Release|Any CPU
		{8108CDDE-353F-4A8F-A56C-CBF98C456597}.Release|x86.Build.0 = Release|Any CPU
		{BC3923EE-FC0F-4795-BFFC-2428BF305B1B}.Debug|Any CPU.ActiveCfg = Debug|Any CPU
		{BC3923EE-FC0F-4795-BFFC-2428BF305B1B}.Debug|Any CPU.Build.0 = Debug|Any CPU
		{BC3923EE-FC0F-4795-BFFC-2428BF305B1B}.Debug|x64.ActiveCfg = Debug|Any CPU
		{BC3923EE-FC0F-4795-BFFC-2428BF305B1B}.Debug|x64.Build.0 = Debug|Any CPU
		{BC3923EE-FC0F-4795-BFFC-2428BF305B1B}.Debug|x86.ActiveCfg = Debug|Any CPU
		{BC3923EE-FC0F-4795-BFFC-2428BF305B1B}.Debug|x86.Build.0 = Debug|Any CPU
		{BC3923EE-FC0F-4795-BFFC-2428BF305B1B}.Release|Any CPU.ActiveCfg = Release|Any CPU
		{BC3923EE-FC0F-4795-BFFC-2428BF305B1B}.Release|Any CPU.Build.0 = Release|Any CPU
		{BC3923EE-FC0F-4795-BFFC-2428BF305B1B}.Release|x64.ActiveCfg = Release|Any CPU
		{BC3923EE-FC0F-4795-BFFC-2428BF305B1B}.Release|x64.Build.0 = Release|Any CPU
		{BC3923EE-FC0F-4795-BFFC-2428BF305B1B}.Release|x86.ActiveCfg = Release|Any CPU
		{BC3923EE-FC0F-4795-BFFC-2428BF305B1B}.Release|x86.Build.0 = Release|Any CPU
		{29C31F12-3CC8-4084-BF14-7B16F2308425}.Debug|Any CPU.ActiveCfg = Debug|Any CPU
		{29C31F12-3CC8-4084-BF14-7B16F2308425}.Debug|Any CPU.Build.0 = Debug|Any CPU
		{29C31F12-3CC8-4084-BF14-7B16F2308425}.Debug|x64.ActiveCfg = Debug|Any CPU
		{29C31F12-3CC8-4084-BF14-7B16F2308425}.Debug|x64.Build.0 = Debug|Any CPU
		{29C31F12-3CC8-4084-BF14-7B16F2308425}.Debug|x86.ActiveCfg = Debug|Any CPU
		{29C31F12-3CC8-4084-BF14-7B16F2308425}.Debug|x86.Build.0 = Debug|Any CPU
		{29C31F12-3CC8-4084-BF14-7B16F2308425}.Release|Any CPU.ActiveCfg = Release|Any CPU
		{29C31F12-3CC8-4084-BF14-7B16F2308425}.Release|Any CPU.Build.0 = Release|Any CPU
		{29C31F12-3CC8-4084-BF14-7B16F2308425}.Release|x64.ActiveCfg = Release|Any CPU
		{29C31F12-3CC8-4084-BF14-7B16F2308425}.Release|x64.Build.0 = Release|Any CPU
		{29C31F12-3CC8-4084-BF14-7B16F2308425}.Release|x86.ActiveCfg = Release|Any CPU
		{29C31F12-3CC8-4084-BF14-7B16F2308425}.Release|x86.Build.0 = Release|Any CPU
		{22086495-DFBC-4BFA-9441-DABB7ECF5E90}.Debug|Any CPU.ActiveCfg = Debug|Any CPU
		{22086495-DFBC-4BFA-9441-DABB7ECF5E90}.Debug|Any CPU.Build.0 = Debug|Any CPU
		{22086495-DFBC-4BFA-9441-DABB7ECF5E90}.Debug|x64.ActiveCfg = Debug|Any CPU
		{22086495-DFBC-4BFA-9441-DABB7ECF5E90}.Debug|x64.Build.0 = Debug|Any CPU
		{22086495-DFBC-4BFA-9441-DABB7ECF5E90}.Debug|x86.ActiveCfg = Debug|Any CPU
		{22086495-DFBC-4BFA-9441-DABB7ECF5E90}.Debug|x86.Build.0 = Debug|Any CPU
		{22086495-DFBC-4BFA-9441-DABB7ECF5E90}.Release|Any CPU.ActiveCfg = Release|Any CPU
		{22086495-DFBC-4BFA-9441-DABB7ECF5E90}.Release|Any CPU.Build.0 = Release|Any CPU
		{22086495-DFBC-4BFA-9441-DABB7ECF5E90}.Release|x64.ActiveCfg = Release|Any CPU
		{22086495-DFBC-4BFA-9441-DABB7ECF5E90}.Release|x64.Build.0 = Release|Any CPU
		{22086495-DFBC-4BFA-9441-DABB7ECF5E90}.Release|x86.ActiveCfg = Release|Any CPU
		{22086495-DFBC-4BFA-9441-DABB7ECF5E90}.Release|x86.Build.0 = Release|Any CPU
	EndGlobalSection
	GlobalSection(SolutionProperties) = preSolution
		HideSolutionNode = FALSE
	EndGlobalSection
	GlobalSection(NestedProjects) = preSolution
		{5FF2918A-EBB6-408D-9168-6E587F34B562} = {827E0CD3-B72D-47B6-A68D-7590B98EB39B}
		{249F6315-68FD-47CA-A524-9CDDBD41A380} = {827E0CD3-B72D-47B6-A68D-7590B98EB39B}
		{85613E28-0362-433F-88CC-6515171A59FE} = {827E0CD3-B72D-47B6-A68D-7590B98EB39B}
		{800BC492-42C6-4FC4-8634-5F62F730E8C7} = {827E0CD3-B72D-47B6-A68D-7590B98EB39B}
		{CCDB4401-7520-4D95-A2FF-F6625C6C368C} = {827E0CD3-B72D-47B6-A68D-7590B98EB39B}
		{F8AE6377-2228-4BDC-9564-892E20F41A9A} = {827E0CD3-B72D-47B6-A68D-7590B98EB39B}
		{8108CDDE-353F-4A8F-A56C-CBF98C456597} = {827E0CD3-B72D-47B6-A68D-7590B98EB39B}
		{BC3923EE-FC0F-4795-BFFC-2428BF305B1B} = {827E0CD3-B72D-47B6-A68D-7590B98EB39B}
		{29C31F12-3CC8-4084-BF14-7B16F2308425} = {827E0CD3-B72D-47B6-A68D-7590B98EB39B}
		{22086495-DFBC-4BFA-9441-DABB7ECF5E90} = {827E0CD3-B72D-47B6-A68D-7590B98EB39B}
	EndGlobalSection
EndGlobal
